// !$*UTF8*$!
{
	archiveVersion = 1;
	classes = {
	};
	objectVersion = 51;
	objects = {

/* Begin PBXBuildFile section */
		805B4D5626EDFE7600D4255E /* EditViewController.swift in Sources */ = {isa = PBXBuildFile; fileRef = 805B4D5526EDFE7600D4255E /* EditViewController.swift */; };
		805B4D5A26EE0B2000D4255E /* DataStore.swift in Sources */ = {isa = PBXBuildFile; fileRef = 805B4D5926EE0B2000D4255E /* DataStore.swift */; };
		805B4D5D26EE123000D4255E /* GoogleService-Info.plist in Resources */ = {isa = PBXBuildFile; fileRef = 805B4D5B26EE123000D4255E /* GoogleService-Info.plist */; };
		805B4D5E26EE123000D4255E /* Info.plist in Resources */ = {isa = PBXBuildFile; fileRef = 805B4D5C26EE123000D4255E /* Info.plist */; };
		8074F88426EA61330046716F /* AppDelegate.swift in Sources */ = {isa = PBXBuildFile; fileRef = 8074F88326EA61330046716F /* AppDelegate.swift */; };
		8074F88626EA61330046716F /* SceneDelegate.swift in Sources */ = {isa = PBXBuildFile; fileRef = 8074F88526EA61330046716F /* SceneDelegate.swift */; };
		8074F88826EA61330046716F /* FirstViewController.swift in Sources */ = {isa = PBXBuildFile; fileRef = 8074F88726EA61330046716F /* FirstViewController.swift */; };
		8074F88B26EA61330046716F /* Main.storyboard in Resources */ = {isa = PBXBuildFile; fileRef = 8074F88926EA61330046716F /* Main.storyboard */; };
		8074F88D26EA61380046716F /* Assets.xcassets in Resources */ = {isa = PBXBuildFile; fileRef = 8074F88C26EA61380046716F /* Assets.xcassets */; };
		8074F89026EA61380046716F /* LaunchScreen.storyboard in Resources */ = {isa = PBXBuildFile; fileRef = 8074F88E26EA61380046716F /* LaunchScreen.storyboard */; };
		8074F8B826EA66BA0046716F /* LoginViewController.swift in Sources */ = {isa = PBXBuildFile; fileRef = 8074F8B726EA66BA0046716F /* LoginViewController.swift */; };
		8074F8BE26EA67AB0046716F /* Alert.swift in Sources */ = {isa = PBXBuildFile; fileRef = 8074F8BD26EA67AB0046716F /* Alert.swift */; };
		8074F8C226EA67CE0046716F /* LodingIcon.swift in Sources */ = {isa = PBXBuildFile; fileRef = 8074F8C126EA67CE0046716F /* LodingIcon.swift */; };
		8074F8C526EA685B0046716F /* SignUpViewController.swift in Sources */ = {isa = PBXBuildFile; fileRef = 8074F8C426EA685B0046716F /* SignUpViewController.swift */; };
		8074F8F726EA6C1E0046716F /* FirstViewTableViewCell.swift in Sources */ = {isa = PBXBuildFile; fileRef = 8074F8F526EA6C1E0046716F /* FirstViewTableViewCell.swift */; };
		8074F8F826EA6C1E0046716F /* FirstViewTableViewCell.xib in Resources */ = {isa = PBXBuildFile; fileRef = 8074F8F626EA6C1E0046716F /* FirstViewTableViewCell.xib */; };
		8074F8FB26EA6DD00046716F /* MemoViewController.swift in Sources */ = {isa = PBXBuildFile; fileRef = 8074F8FA26EA6DD00046716F /* MemoViewController.swift */; };
		9AAB08A135E98228611F8C9D /* Pods_TodoAppLiT.framework in Frameworks */ = {isa = PBXBuildFile; fileRef = 2C2F9FB8160EB64EBF97A737 /* Pods_TodoAppLiT.framework */; };
/* End PBXBuildFile section */

/* Begin PBXFileReference section */
		2C2F9FB8160EB64EBF97A737 /* Pods_TodoAppLiT.framework */ = {isa = PBXFileReference; explicitFileType = wrapper.framework; includeInIndex = 0; path = Pods_TodoAppLiT.framework; sourceTree = BUILT_PRODUCTS_DIR; };
		3EF9151D1622B3FF170B7013 /* Pods-TodoAppLiT.release.xcconfig */ = {isa = PBXFileReference; includeInIndex = 1; lastKnownFileType = text.xcconfig; name = "Pods-TodoAppLiT.release.xcconfig"; path = "Target Support Files/Pods-TodoAppLiT/Pods-TodoAppLiT.release.xcconfig"; sourceTree = "<group>"; };
		805B4D5526EDFE7600D4255E /* EditViewController.swift */ = {isa = PBXFileReference; lastKnownFileType = sourcecode.swift; path = EditViewController.swift; sourceTree = "<group>"; };
		805B4D5926EE0B2000D4255E /* DataStore.swift */ = {isa = PBXFileReference; lastKnownFileType = sourcecode.swift; path = DataStore.swift; sourceTree = "<group>"; };
		805B4D5B26EE123000D4255E /* GoogleService-Info.plist */ = {isa = PBXFileReference; fileEncoding = 4; lastKnownFileType = text.plist.xml; path = "GoogleService-Info.plist"; sourceTree = "<group>"; };
		805B4D5C26EE123000D4255E /* Info.plist */ = {isa = PBXFileReference; fileEncoding = 4; lastKnownFileType = text.plist.xml; path = Info.plist; sourceTree = "<group>"; };
		8074F88026EA61330046716F /* TodoAppLiT.app */ = {isa = PBXFileReference; explicitFileType = wrapper.application; includeInIndex = 0; path = TodoAppLiT.app; sourceTree = BUILT_PRODUCTS_DIR; };
		8074F88326EA61330046716F /* AppDelegate.swift */ = {isa = PBXFileReference; lastKnownFileType = sourcecode.swift; path = AppDelegate.swift; sourceTree = "<group>"; };
		8074F88526EA61330046716F /* SceneDelegate.swift */ = {isa = PBXFileReference; lastKnownFileType = sourcecode.swift; path = SceneDelegate.swift; sourceTree = "<group>"; };
		8074F88726EA61330046716F /* FirstViewController.swift */ = {isa = PBXFileReference; lastKnownFileType = sourcecode.swift; path = FirstViewController.swift; sourceTree = "<group>"; };
		8074F88A26EA61330046716F /* Base */ = {isa = PBXFileReference; lastKnownFileType = file.storyboard; name = Base; path = Base.lproj/Main.storyboard; sourceTree = "<group>"; };
		8074F88C26EA61380046716F /* Assets.xcassets */ = {isa = PBXFileReference; lastKnownFileType = folder.assetcatalog; path = Assets.xcassets; sourceTree = "<group>"; };
		8074F88F26EA61380046716F /* Base */ = {isa = PBXFileReference; lastKnownFileType = file.storyboard; name = Base; path = Base.lproj/LaunchScreen.storyboard; sourceTree = "<group>"; };
		8074F8B726EA66BA0046716F /* LoginViewController.swift */ = {isa = PBXFileReference; lastKnownFileType = sourcecode.swift; path = LoginViewController.swift; sourceTree = "<group>"; };
		8074F8BD26EA67AB0046716F /* Alert.swift */ = {isa = PBXFileReference; lastKnownFileType = sourcecode.swift; path = Alert.swift; sourceTree = "<group>"; };
		8074F8C126EA67CE0046716F /* LodingIcon.swift */ = {isa = PBXFileReference; lastKnownFileType = sourcecode.swift; path = LodingIcon.swift; sourceTree = "<group>"; };
		8074F8C426EA685B0046716F /* SignUpViewController.swift */ = {isa = PBXFileReference; lastKnownFileType = sourcecode.swift; path = SignUpViewController.swift; sourceTree = "<group>"; };
		8074F8F526EA6C1E0046716F /* FirstViewTableViewCell.swift */ = {isa = PBXFileReference; lastKnownFileType = sourcecode.swift; path = FirstViewTableViewCell.swift; sourceTree = "<group>"; };
		8074F8F626EA6C1E0046716F /* FirstViewTableViewCell.xib */ = {isa = PBXFileReference; lastKnownFileType = file.xib; path = FirstViewTableViewCell.xib; sourceTree = "<group>"; };
		8074F8FA26EA6DD00046716F /* MemoViewController.swift */ = {isa = PBXFileReference; lastKnownFileType = sourcecode.swift; path = MemoViewController.swift; sourceTree = "<group>"; };
		D67D411454AA4F480A5B08FA /* Pods-TodoAppLiT.debug.xcconfig */ = {isa = PBXFileReference; includeInIndex = 1; lastKnownFileType = text.xcconfig; name = "Pods-TodoAppLiT.debug.xcconfig"; path = "Target Support Files/Pods-TodoAppLiT/Pods-TodoAppLiT.debug.xcconfig"; sourceTree = "<group>"; };
/* End PBXFileReference section */

/* Begin PBXFrameworksBuildPhase section */
		8074F87D26EA61330046716F /* Frameworks */ = {
			isa = PBXFrameworksBuildPhase;
			buildActionMask = 2147483647;
			files = (
				9AAB08A135E98228611F8C9D /* Pods_TodoAppLiT.framework in Frameworks */,
			);
			runOnlyForDeploymentPostprocessing = 0;
		};
/* End PBXFrameworksBuildPhase section */

/* Begin PBXGroup section */
		8074F87726EA61330046716F = {
			isa = PBXGroup;
			children = (
				8074F88226EA61330046716F /* TodoAppLiT */,
				8074F88126EA61330046716F /* Products */,
				E83E5B93A081D23E67AA844C /* Pods */,
				AFFF75460909270D020774EC /* Frameworks */,
			);
			sourceTree = "<group>";
		};
		8074F88126EA61330046716F /* Products */ = {
			isa = PBXGroup;
			children = (
				8074F88026EA61330046716F /* TodoAppLiT.app */,
			);
			name = Products;
			sourceTree = "<group>";
		};
		8074F88226EA61330046716F /* TodoAppLiT */ = {
			isa = PBXGroup;
			children = (
				8074F88326EA61330046716F /* AppDelegate.swift */,
				8074F88526EA61330046716F /* SceneDelegate.swift */,
				8074F8B326EA664E0046716F /* Model */,
				8074F8B426EA66530046716F /* View */,
				8074F8B526EA66570046716F /* Controller */,
				8074F8F426EA6BDF0046716F /* Resources */,
				805B4D5C26EE123000D4255E /* Info.plist */,
				805B4D5B26EE123000D4255E /* GoogleService-Info.plist */,
			);
			path = TodoAppLiT;
			sourceTree = "<group>";
		};
		8074F8B326EA664E0046716F /* Model */ = {
			isa = PBXGroup;
			children = (
				8074F8BD26EA67AB0046716F /* Alert.swift */,
				8074F8C126EA67CE0046716F /* LodingIcon.swift */,
				805B4D5926EE0B2000D4255E /* DataStore.swift */,
			);
			path = Model;
			sourceTree = "<group>";
		};
		8074F8B426EA66530046716F /* View */ = {
			isa = PBXGroup;
			children = (
				8074F88926EA61330046716F /* Main.storyboard */,
				8074F88E26EA61380046716F /* LaunchScreen.storyboard */,
				8074F8F526EA6C1E0046716F /* FirstViewTableViewCell.swift */,
				8074F8F626EA6C1E0046716F /* FirstViewTableViewCell.xib */,
			);
			path = View;
			sourceTree = "<group>";
		};
		8074F8B526EA66570046716F /* Controller */ = {
			isa = PBXGroup;
			children = (
				8074F88726EA61330046716F /* FirstViewController.swift */,
				8074F8B726EA66BA0046716F /* LoginViewController.swift */,
				8074F8C426EA685B0046716F /* SignUpViewController.swift */,
				8074F8FA26EA6DD00046716F /* MemoViewController.swift */,
				805B4D5526EDFE7600D4255E /* EditViewController.swift */,
			);
			path = Controller;
			sourceTree = "<group>";
		};
		8074F8F426EA6BDF0046716F /* Resources */ = {
			isa = PBXGroup;
			children = (
				8074F88C26EA61380046716F /* Assets.xcassets */,
			);
			path = Resources;
			sourceTree = "<group>";
		};
		AFFF75460909270D020774EC /* Frameworks */ = {
			isa = PBXGroup;
			children = (
				2C2F9FB8160EB64EBF97A737 /* Pods_TodoAppLiT.framework */,
			);
			name = Frameworks;
			sourceTree = "<group>";
		};
		E83E5B93A081D23E67AA844C /* Pods */ = {
			isa = PBXGroup;
			children = (
				D67D411454AA4F480A5B08FA /* Pods-TodoAppLiT.debug.xcconfig */,
				3EF9151D1622B3FF170B7013 /* Pods-TodoAppLiT.release.xcconfig */,
			);
			path = Pods;
			sourceTree = "<group>";
		};
/* End PBXGroup section */

/* Begin PBXNativeTarget section */
		8074F87F26EA61330046716F /* TodoAppLiT */ = {
			isa = PBXNativeTarget;
			buildConfigurationList = 8074F89426EA61380046716F /* Build configuration list for PBXNativeTarget "TodoAppLiT" */;
			buildPhases = (
				796D650497DB979C3EC47370 /* [CP] Check Pods Manifest.lock */,
				8074F87C26EA61330046716F /* Sources */,
				8074F87D26EA61330046716F /* Frameworks */,
				8074F87E26EA61330046716F /* Resources */,
				F83459B9FB061829DCD20394 /* [CP] Embed Pods Frameworks */,
			);
			buildRules = (
			);
			dependencies = (
			);
			name = TodoAppLiT;
			productName = TodoAppLiT;
			productReference = 8074F88026EA61330046716F /* TodoAppLiT.app */;
			productType = "com.apple.product-type.application";
		};
/* End PBXNativeTarget section */

/* Begin PBXProject section */
		8074F87826EA61330046716F /* Project object */ = {
			isa = PBXProject;
			attributes = {
				LastSwiftUpdateCheck = 1230;
				LastUpgradeCheck = 1230;
				TargetAttributes = {
					8074F87F26EA61330046716F = {
						CreatedOnToolsVersion = 12.3;
					};
				};
			};
			buildConfigurationList = 8074F87B26EA61330046716F /* Build configuration list for PBXProject "TodoAppLiT" */;
			compatibilityVersion = "Xcode 9.3";
			developmentRegion = en;
			hasScannedForEncodings = 0;
			knownRegions = (
				en,
				Base,
			);
			mainGroup = 8074F87726EA61330046716F;
			productRefGroup = 8074F88126EA61330046716F /* Products */;
			projectDirPath = "";
			projectRoot = "";
			targets = (
				8074F87F26EA61330046716F /* TodoAppLiT */,
			);
		};
/* End PBXProject section */

/* Begin PBXResourcesBuildPhase section */
		8074F87E26EA61330046716F /* Resources */ = {
			isa = PBXResourcesBuildPhase;
			buildActionMask = 2147483647;
			files = (
				8074F89026EA61380046716F /* LaunchScreen.storyboard in Resources */,
				8074F88D26EA61380046716F /* Assets.xcassets in Resources */,
				805B4D5E26EE123000D4255E /* Info.plist in Resources */,
				805B4D5D26EE123000D4255E /* GoogleService-Info.plist in Resources */,
				8074F8F826EA6C1E0046716F /* FirstViewTableViewCell.xib in Resources */,
				8074F88B26EA61330046716F /* Main.storyboard in Resources */,
			);
			runOnlyForDeploymentPostprocessing = 0;
		};
/* End PBXResourcesBuildPhase section */

/* Begin PBXShellScriptBuildPhase section */
		796D650497DB979C3EC47370 /* [CP] Check Pods Manifest.lock */ = {
			isa = PBXShellScriptBuildPhase;
			buildActionMask = 2147483647;
			files = (
			);
			inputFileListPaths = (
			);
			inputPaths = (
				"${PODS_PODFILE_DIR_PATH}/Podfile.lock",
				"${PODS_ROOT}/Manifest.lock",
			);
			name = "[CP] Check Pods Manifest.lock";
			outputFileListPaths = (
			);
			outputPaths = (
				"$(DERIVED_FILE_DIR)/Pods-TodoAppLiT-checkManifestLockResult.txt",
			);
			runOnlyForDeploymentPostprocessing = 0;
			shellPath = /bin/sh;
			shellScript = "diff \"${PODS_PODFILE_DIR_PATH}/Podfile.lock\" \"${PODS_ROOT}/Manifest.lock\" > /dev/null\nif [ $? != 0 ] ; then\n    # print error to STDERR\n    echo \"error: The sandbox is not in sync with the Podfile.lock. Run 'pod install' or update your CocoaPods installation.\" >&2\n    exit 1\nfi\n# This output is used by Xcode 'outputs' to avoid re-running this script phase.\necho \"SUCCESS\" > \"${SCRIPT_OUTPUT_FILE_0}\"\n";
			showEnvVarsInLog = 0;
		};
		F83459B9FB061829DCD20394 /* [CP] Embed Pods Frameworks */ = {
			isa = PBXShellScriptBuildPhase;
			buildActionMask = 2147483647;
			files = (
			);
			inputFileListPaths = (
				"${PODS_ROOT}/Target Support Files/Pods-TodoAppLiT/Pods-TodoAppLiT-frameworks-${CONFIGURATION}-input-files.xcfilelist",
			);
			name = "[CP] Embed Pods Frameworks";
			outputFileListPaths = (
				"${PODS_ROOT}/Target Support Files/Pods-TodoAppLiT/Pods-TodoAppLiT-frameworks-${CONFIGURATION}-output-files.xcfilelist",
			);
			runOnlyForDeploymentPostprocessing = 0;
			shellPath = /bin/sh;
			shellScript = "\"${PODS_ROOT}/Target Support Files/Pods-TodoAppLiT/Pods-TodoAppLiT-frameworks.sh\"\n";
			showEnvVarsInLog = 0;
		};
/* End PBXShellScriptBuildPhase section */

/* Begin PBXSourcesBuildPhase section */
		8074F87C26EA61330046716F /* Sources */ = {
			isa = PBXSourcesBuildPhase;
			buildActionMask = 2147483647;
			files = (
				8074F8BE26EA67AB0046716F /* Alert.swift in Sources */,
				8074F8C526EA685B0046716F /* SignUpViewController.swift in Sources */,
				8074F8C226EA67CE0046716F /* LodingIcon.swift in Sources */,
				8074F8B826EA66BA0046716F /* LoginViewController.swift in Sources */,
				805B4D5A26EE0B2000D4255E /* DataStore.swift in Sources */,
				8074F88826EA61330046716F /* FirstViewController.swift in Sources */,
				8074F8F726EA6C1E0046716F /* FirstViewTableViewCell.swift in Sources */,
				8074F88426EA61330046716F /* AppDelegate.swift in Sources */,
				805B4D5626EDFE7600D4255E /* EditViewController.swift in Sources */,
				8074F88626EA61330046716F /* SceneDelegate.swift in Sources */,
				8074F8FB26EA6DD00046716F /* MemoViewController.swift in Sources */,
			);
			runOnlyForDeploymentPostprocessing = 0;
		};
/* End PBXSourcesBuildPhase section */

/* Begin PBXVariantGroup section */
		8074F88926EA61330046716F /* Main.storyboard */ = {
			isa = PBXVariantGroup;
			children = (
				8074F88A26EA61330046716F /* Base */,
			);
			name = Main.storyboard;
			sourceTree = "<group>";
		};
		8074F88E26EA61380046716F /* LaunchScreen.storyboard */ = {
			isa = PBXVariantGroup;
			children = (
				8074F88F26EA61380046716F /* Base */,
			);
			name = LaunchScreen.storyboard;
			sourceTree = "<group>";
		};
/* End PBXVariantGroup section */

/* Begin XCBuildConfiguration section */
		8074F89226EA61380046716F /* Debug */ = {
			isa = XCBuildConfiguration;
			buildSettings = {
				ALWAYS_SEARCH_USER_PATHS = NO;
				CLANG_ANALYZER_NONNULL = YES;
				CLANG_ANALYZER_NUMBER_OBJECT_CONVERSION = YES_AGGRESSIVE;
				CLANG_CXX_LANGUAGE_STANDARD = "gnu++14";
				CLANG_CXX_LIBRARY = "libc++";
				CLANG_ENABLE_MODULES = YES;
				CLANG_ENABLE_OBJC_ARC = YES;
				CLANG_ENABLE_OBJC_WEAK = YES;
				CLANG_WARN_BLOCK_CAPTURE_AUTORELEASING = YES;
				CLANG_WARN_BOOL_CONVERSION = YES;
				CLANG_WARN_COMMA = YES;
				CLANG_WARN_CONSTANT_CONVERSION = YES;
				CLANG_WARN_DEPRECATED_OBJC_IMPLEMENTATIONS = YES;
				CLANG_WARN_DIRECT_OBJC_ISA_USAGE = YES_ERROR;
				CLANG_WARN_DOCUMENTATION_COMMENTS = YES;
				CLANG_WARN_EMPTY_BODY = YES;
				CLANG_WARN_ENUM_CONVERSION = YES;
				CLANG_WARN_INFINITE_RECURSION = YES;
				CLANG_WARN_INT_CONVERSION = YES;
				CLANG_WARN_NON_LITERAL_NULL_CONVERSION = YES;
				CLANG_WARN_OBJC_IMPLICIT_RETAIN_SELF = YES;
				CLANG_WARN_OBJC_LITERAL_CONVERSION = YES;
				CLANG_WARN_OBJC_ROOT_CLASS = YES_ERROR;
				CLANG_WARN_QUOTED_INCLUDE_IN_FRAMEWORK_HEADER = YES;
				CLANG_WARN_RANGE_LOOP_ANALYSIS = YES;
				CLANG_WARN_STRICT_PROTOTYPES = YES;
				CLANG_WARN_SUSPICIOUS_MOVE = YES;
				CLANG_WARN_UNGUARDED_AVAILABILITY = YES_AGGRESSIVE;
				CLANG_WARN_UNREACHABLE_CODE = YES;
				CLANG_WARN__DUPLICATE_METHOD_MATCH = YES;
				COPY_PHASE_STRIP = NO;
				DEBUG_INFORMATION_FORMAT = dwarf;
				ENABLE_STRICT_OBJC_MSGSEND = YES;
				ENABLE_TESTABILITY = YES;
				GCC_C_LANGUAGE_STANDARD = gnu11;
				GCC_DYNAMIC_NO_PIC = NO;
				GCC_NO_COMMON_BLOCKS = YES;
				GCC_OPTIMIZATION_LEVEL = 0;
				GCC_PREPROCESSOR_DEFINITIONS = (
					"DEBUG=1",
					"$(inherited)",
				);
				GCC_WARN_64_TO_32_BIT_CONVERSION = YES;
				GCC_WARN_ABOUT_RETURN_TYPE = YES_ERROR;
				GCC_WARN_UNDECLARED_SELECTOR = YES;
				GCC_WARN_UNINITIALIZED_AUTOS = YES_AGGRESSIVE;
				GCC_WARN_UNUSED_FUNCTION = YES;
				GCC_WARN_UNUSED_VARIABLE = YES;
				IPHONEOS_DEPLOYMENT_TARGET = 14.3;
				MTL_ENABLE_DEBUG_INFO = INCLUDE_SOURCE;
				MTL_FAST_MATH = YES;
				ONLY_ACTIVE_ARCH = YES;
				SDKROOT = iphoneos;
				SWIFT_ACTIVE_COMPILATION_CONDITIONS = DEBUG;
				SWIFT_OPTIMIZATION_LEVEL = "-Onone";
			};
			name = Debug;
		};
		8074F89326EA61380046716F /* Release */ = {
			isa = XCBuildConfiguration;
			buildSettings = {
				ALWAYS_SEARCH_USER_PATHS = NO;
				CLANG_ANALYZER_NONNULL = YES;
				CLANG_ANALYZER_NUMBER_OBJECT_CONVERSION = YES_AGGRESSIVE;
				CLANG_CXX_LANGUAGE_STANDARD = "gnu++14";
				CLANG_CXX_LIBRARY = "libc++";
				CLANG_ENABLE_MODULES = YES;
				CLANG_ENABLE_OBJC_ARC = YES;
				CLANG_ENABLE_OBJC_WEAK = YES;
				CLANG_WARN_BLOCK_CAPTURE_AUTORELEASING = YES;
				CLANG_WARN_BOOL_CONVERSION = YES;
				CLANG_WARN_COMMA = YES;
				CLANG_WARN_CONSTANT_CONVERSION = YES;
				CLANG_WARN_DEPRECATED_OBJC_IMPLEMENTATIONS = YES;
				CLANG_WARN_DIRECT_OBJC_ISA_USAGE = YES_ERROR;
				CLANG_WARN_DOCUMENTATION_COMMENTS = YES;
				CLANG_WARN_EMPTY_BODY = YES;
				CLANG_WARN_ENUM_CONVERSION = YES;
				CLANG_WARN_INFINITE_RECURSION = YES;
				CLANG_WARN_INT_CONVERSION = YES;
				CLANG_WARN_NON_LITERAL_NULL_CONVERSION = YES;
				CLANG_WARN_OBJC_IMPLICIT_RETAIN_SELF = YES;
				CLANG_WARN_OBJC_LITERAL_CONVERSION = YES;
				CLANG_WARN_OBJC_ROOT_CLASS = YES_ERROR;
				CLANG_WARN_QUOTED_INCLUDE_IN_FRAMEWORK_HEADER = YES;
				CLANG_WARN_RANGE_LOOP_ANALYSIS = YES;
				CLANG_WARN_STRICT_PROTOTYPES = YES;
				CLANG_WARN_SUSPICIOUS_MOVE = YES;
				CLANG_WARN_UNGUARDED_AVAILABILITY = YES_AGGRESSIVE;
				CLANG_WARN_UNREACHABLE_CODE = YES;
				CLANG_WARN__DUPLICATE_METHOD_MATCH = YES;
				COPY_PHASE_STRIP = NO;
				DEBUG_INFORMATION_FORMAT = "dwarf-with-dsym";
				ENABLE_NS_ASSERTIONS = NO;
				ENABLE_STRICT_OBJC_MSGSEND = YES;
				GCC_C_LANGUAGE_STANDARD = gnu11;
				GCC_NO_COMMON_BLOCKS = YES;
				GCC_WARN_64_TO_32_BIT_CONVERSION = YES;
				GCC_WARN_ABOUT_RETURN_TYPE = YES_ERROR;
				GCC_WARN_UNDECLARED_SELECTOR = YES;
				GCC_WARN_UNINITIALIZED_AUTOS = YES_AGGRESSIVE;
				GCC_WARN_UNUSED_FUNCTION = YES;
				GCC_WARN_UNUSED_VARIABLE = YES;
				IPHONEOS_DEPLOYMENT_TARGET = 14.3;
				MTL_ENABLE_DEBUG_INFO = NO;
				MTL_FAST_MATH = YES;
				SDKROOT = iphoneos;
				SWIFT_COMPILATION_MODE = wholemodule;
				SWIFT_OPTIMIZATION_LEVEL = "-O";
				VALIDATE_PRODUCT = YES;
			};
			name = Release;
		};
		8074F89526EA61380046716F /* Debug */ = {
			isa = XCBuildConfiguration;
			baseConfigurationReference = D67D411454AA4F480A5B08FA /* Pods-TodoAppLiT.debug.xcconfig */;
			buildSettings = {
				ASSETCATALOG_COMPILER_APPICON_NAME = AppIcon;
				ASSETCATALOG_COMPILER_GLOBAL_ACCENT_COLOR_NAME = AccentColor;
				CODE_SIGN_STYLE = Automatic;
				DEVELOPMENT_TEAM = 4P6W7GVC6D;
				INFOPLIST_FILE = TodoAppLiT/Info.plist;
				LD_RUNPATH_SEARCH_PATHS = (
					"$(inherited)",
					"@executable_path/Frameworks",
				);
				PRODUCT_BUNDLE_IDENTIFIER = com.daisukekawamura.TodoAppLiT;
				PRODUCT_NAME = "$(TARGET_NAME)";
				SWIFT_VERSION = 5.0;
				TARGETED_DEVICE_FAMILY = "1,2";
			};
			name = Debug;
		};
		8074F89626EA61380046716F /* Release */ = {
			isa = XCBuildConfiguration;
			baseConfigurationReference = 3EF9151D1622B3FF170B7013 /* Pods-TodoAppLiT.release.xcconfig */;
			buildSettings = {
				ASSETCATALOG_COMPILER_APPICON_NAME = AppIcon;
				ASSETCATALOG_COMPILER_GLOBAL_ACCENT_COLOR_NAME = AccentColor;
				CODE_SIGN_STYLE = Automatic;
				DEVELOPMENT_TEAM = 4P6W7GVC6D;
				INFOPLIST_FILE = TodoAppLiT/Info.plist;
				LD_RUNPATH_SEARCH_PATHS = (
					"$(inherited)",
					"@executable_path/Frameworks",
				);
				PRODUCT_BUNDLE_IDENTIFIER = com.daisukekawamura.TodoAppLiT;
				PRODUCT_NAME = "$(TARGET_NAME)";
				SWIFT_VERSION = 5.0;
				TARGETED_DEVICE_FAMILY = "1,2";
			};
			name = Release;
		};
/* End XCBuildConfiguration section */

/* Begin XCConfigurationList section */
		8074F87B26EA61330046716F /* Build configuration list for PBXProject "TodoAppLiT" */ = {
			isa = XCConfigurationList;
			buildConfigurations = (
				8074F89226EA61380046716F /* Debug */,
				8074F89326EA61380046716F /* Release */,
			);
			defaultConfigurationIsVisible = 0;
			defaultConfigurationName = Release;
		};
		8074F89426EA61380046716F /* Build configuration list for PBXNativeTarget "TodoAppLiT" */ = {
			isa = XCConfigurationList;
			buildConfigurations = (
				8074F89526EA61380046716F /* Debug */,
				8074F89626EA61380046716F /* Release */,
			);
			defaultConfigurationIsVisible = 0;
			defaultConfigurationName = Release;
		};
/* End XCConfigurationList section */
	};
	rootObject = 8074F87826EA61330046716F /* Project object */;
}
